# THIS IS AN AUTOGENERATED FILE. DO NOT EDIT THIS FILE DIRECTLY.
# yarn lockfile v1


esm@^3.2.25:
  version "3.2.25"
  resolved "https://registry.yarnpkg.com/esm/-/esm-3.2.25.tgz#342c18c29d56157688ba5ce31f8431fbb795cc10"
  integrity sha512-U1suiZ2oDVWv4zPO56S0NcR5QriEahGtdN2OR6FiOG4WJvcjBVFB0qI4+eKoWFH483PKGuLuu6V8Z4T5g63UVA==

fast-deep-equal@^2.0.1:
  version "2.0.1"
  resolved "https://registry.yarnpkg.com/fast-deep-equal/-/fast-deep-equal-2.0.1.tgz#7b05218ddf9667bf7f370bf7fdb2cb15fdd0aa49"
  integrity sha1-ewUhjd+WZ79/Nwv3/bLLFf3Qqkk=

zora@^3.1.6:
  version "3.1.6"
  resolved "https://registry.yarnpkg.com/zora/-/zora-3.1.6.tgz#1e2b43bfbedb0411f71f8003f73ca8f459f125e5"
  integrity sha512-qagFIG2Yd/lNr/SXFwCrVefY4NyMCvqxId5O1VveMWWsrn6jl7PpgFZl2s4vHgga646zCmiiEnp/df+HHGByTw==
  dependencies:
    fast-deep-equal "^2.0.1"
